// !$*UTF8*$!
{
	archiveVersion = 1;
	classes = {
	};
	objectVersion = 50;
	objects = {

/* Begin PBXBuildFile section */
		DB66F8B8248DE59700C18B4F /* AppDelegate.m in Sources */ = {isa = PBXBuildFile; fileRef = DB66F8B7248DE59700C18B4F /* AppDelegate.m */; };
		DB66F8BB248DE59700C18B4F /* SceneDelegate.m in Sources */ = {isa = PBXBuildFile; fileRef = DB66F8BA248DE59700C18B4F /* SceneDelegate.m */; };
		DB66F8C1248DE59800C18B4F /* Main.storyboard in Resources */ = {isa = PBXBuildFile; fileRef = DB66F8BF248DE59800C18B4F /* Main.storyboard */; };
		DB66F8C3248DE59900C18B4F /* Assets.xcassets in Resources */ = {isa = PBXBuildFile; fileRef = DB66F8C2248DE59900C18B4F /* Assets.xcassets */; };
		DB66F8C6248DE59900C18B4F /* LaunchScreen.storyboard in Resources */ = {isa = PBXBuildFile; fileRef = DB66F8C4248DE59900C18B4F /* LaunchScreen.storyboard */; };
		DB66F8C9248DE59900C18B4F /* main.m in Sources */ = {isa = PBXBuildFile; fileRef = DB66F8C8248DE59900C18B4F /* main.m */; };
		DB66F8D2248DE5D500C18B4F /* DemoViewController.m in Sources */ = {isa = PBXBuildFile; fileRef = DB66F8D0248DE5D500C18B4F /* DemoViewController.m */; };
		DB66F8D3248DE5D500C18B4F /* DemoViewController.xib in Resources */ = {isa = PBXBuildFile; fileRef = DB66F8D1248DE5D500C18B4F /* DemoViewController.xib */; };
		DB66F8D7248DE5E400C18B4F /* SubViewController.m in Sources */ = {isa = PBXBuildFile; fileRef = DB66F8D5248DE5E400C18B4F /* SubViewController.m */; };
		DB66F8D8248DE5E400C18B4F /* SubViewController.xib in Resources */ = {isa = PBXBuildFile; fileRef = DB66F8D6248DE5E400C18B4F /* SubViewController.xib */; };
		DB66F8DB248DE62A00C18B4F /* DemoViewController+Extension.m in Sources */ = {isa = PBXBuildFile; fileRef = DB66F8DA248DE62A00C18B4F /* DemoViewController+Extension.m */; };
/* End PBXBuildFile section */

/* Begin PBXFileReference section */
		DB66F8B3248DE59700C18B4F /* DemoViewController.app */ = {isa = PBXFileReference; explicitFileType = wrapper.application; includeInIndex = 0; path = DemoViewController.app; sourceTree = BUILT_PRODUCTS_DIR; };
		DB66F8B6248DE59700C18B4F /* AppDelegate.h */ = {isa = PBXFileReference; lastKnownFileType = sourcecode.c.h; path = AppDelegate.h; sourceTree = "<group>"; };
		DB66F8B7248DE59700C18B4F /* AppDelegate.m */ = {isa = PBXFileReference; lastKnownFileType = sourcecode.c.objc; path = AppDelegate.m; sourceTree = "<group>"; };
		DB66F8B9248DE59700C18B4F /* SceneDelegate.h */ = {isa = PBXFileReference; lastKnownFileType = sourcecode.c.h; path = SceneDelegate.h; sourceTree = "<group>"; };
		DB66F8BA248DE59700C18B4F /* SceneDelegate.m */ = {isa = PBXFileReference; lastKnownFileType = sourcecode.c.objc; path = SceneDelegate.m; sourceTree = "<group>"; };
		DB66F8C0248DE59800C18B4F /* Base */ = {isa = PBXFileReference; lastKnownFileType = file.storyboard; name = Base; path = Base.lproj/Main.storyboard; sourceTree = "<group>"; };
		DB66F8C2248DE59900C18B4F /* Assets.xcassets */ = {isa = PBXFileReference; lastKnownFileType = folder.assetcatalog; path = Assets.xcassets; sourceTree = "<group>"; };
		DB66F8C5248DE59900C18B4F /* Base */ = {isa = PBXFileReference; lastKnownFileType = file.storyboard; name = Base; path = Base.lproj/LaunchScreen.storyboard; sourceTree = "<group>"; };
		DB66F8C7248DE59900C18B4F /* Info.plist */ = {isa = PBXFileReference; lastKnownFileType = text.plist.xml; path = Info.plist; sourceTree = "<group>"; };
		DB66F8C8248DE59900C18B4F /* main.m */ = {isa = PBXFileReference; lastKnownFileType = sourcecode.c.objc; path = main.m; sourceTree = "<group>"; };
		DB66F8CF248DE5D500C18B4F /* DemoViewController.h */ = {isa = PBXFileReference; lastKnownFileType = sourcecode.c.h; path = DemoViewController.h; sourceTree = "<group>"; };
		DB66F8D0248DE5D500C18B4F /* DemoViewController.m */ = {isa = PBXFileReference; lastKnownFileType = sourcecode.c.objc; path = DemoViewController.m; sourceTree = "<group>"; };
		DB66F8D1248DE5D500C18B4F /* DemoViewController.xib */ = {isa = PBXFileReference; lastKnownFileType = file.xib; path = DemoViewController.xib; sourceTree = "<group>"; };
		DB66F8D4248DE5E400C18B4F /* SubViewController.h */ = {isa = PBXFileReference; lastKnownFileType = sourcecode.c.h; path = SubViewController.h; sourceTree = "<group>"; };
		DB66F8D5248DE5E400C18B4F /* SubViewController.m */ = {isa = PBXFileReference; lastKnownFileType = sourcecode.c.objc; path = SubViewController.m; sourceTree = "<group>"; };
		DB66F8D6248DE5E400C18B4F /* SubViewController.xib */ = {isa = PBXFileReference; lastKnownFileType = file.xib; path = SubViewController.xib; sourceTree = "<group>"; };
		DB66F8D9248DE62A00C18B4F /* DemoViewController+Extension.h */ = {isa = PBXFileReference; lastKnownFileType = sourcecode.c.h; path = "DemoViewController+Extension.h"; sourceTree = "<group>"; };
		DB66F8DA248DE62A00C18B4F /* DemoViewController+Extension.m */ = {isa = PBXFileReference; lastKnownFileType = sourcecode.c.objc; path = "DemoViewController+Extension.m"; sourceTree = "<group>"; };
		DB66F8DE248F5AFD00C18B4F /* UIKit.framework */ = {isa = PBXFileReference; lastKnownFileType = wrapper.framework; name = UIKit.framework; path = System/Library/Frameworks/UIKit.framework; sourceTree = SDKROOT; };
/* End PBXFileReference section */

/* Begin PBXFrameworksBuildPhase section */
		DB66F8B0248DE59700C18B4F /* Frameworks */ = {
			isa = PBXFrameworksBuildPhase;
			buildActionMask = 2147483647;
			files = (
			);
			runOnlyForDeploymentPostprocessing = 0;
		};
/* End PBXFrameworksBuildPhase section */

/* Begin PBXGroup section */
		DB66F8AA248DE59700C18B4F = {
			isa = PBXGroup;
			children = (
				DB66F8B5248DE59700C18B4F /* DemoViewController */,
				DB66F8B4248DE59700C18B4F /* Products */,
				DB66F8DD248F5AFD00C18B4F /* Frameworks */,
			);
			sourceTree = "<group>";
		};
		DB66F8B4248DE59700C18B4F /* Products */ = {
			isa = PBXGroup;
			children = (
				DB66F8B3248DE59700C18B4F /* DemoViewController.app */,
			);
			name = Products;
			sourceTree = "<group>";
		};
		DB66F8B5248DE59700C18B4F /* DemoViewController */ = {
			isa = PBXGroup;
			children = (
				DB66F8B6248DE59700C18B4F /* AppDelegate.h */,
				DB66F8B7248DE59700C18B4F /* AppDelegate.m */,
				DB66F8B9248DE59700C18B4F /* SceneDelegate.h */,
				DB66F8BA248DE59700C18B4F /* SceneDelegate.m */,
				DB66F8BF248DE59800C18B4F /* Main.storyboard */,
				DB66F8C2248DE59900C18B4F /* Assets.xcassets */,
				DB66F8C4248DE59900C18B4F /* LaunchScreen.storyboard */,
				DB66F8C7248DE59900C18B4F /* Info.plist */,
				DB66F8C8248DE59900C18B4F /* main.m */,
				DB66F8CF248DE5D500C18B4F /* DemoViewController.h */,
				DB66F8D0248DE5D500C18B4F /* DemoViewController.m */,
				DB66F8D1248DE5D500C18B4F /* DemoViewController.xib */,
				DB66F8D4248DE5E400C18B4F /* SubViewController.h */,
				DB66F8D5248DE5E400C18B4F /* SubViewController.m */,
				DB66F8D6248DE5E400C18B4F /* SubViewController.xib */,
				DB66F8D9248DE62A00C18B4F /* DemoViewController+Extension.h */,
				DB66F8DA248DE62A00C18B4F /* DemoViewController+Extension.m */,
			);
			path = DemoViewController;
			sourceTree = "<group>";
		};
		DB66F8DD248F5AFD00C18B4F /* Frameworks */ = {
			isa = PBXGroup;
			children = (
				DB66F8DE248F5AFD00C18B4F /* UIKit.framework */,
			);
			name = Frameworks;
			sourceTree = "<group>";
		};
/* End PBXGroup section */

/* Begin PBXNativeTarget section */
		DB66F8B2248DE59700C18B4F /* DemoViewController */ = {
			isa = PBXNativeTarget;
			buildConfigurationList = DB66F8CC248DE59900C18B4F /* Build configuration list for PBXNativeTarget "DemoViewController" */;
			buildPhases = (
				DB66F8AF248DE59700C18B4F /* Sources */,
				DB66F8B0248DE59700C18B4F /* Frameworks */,
				DB66F8B1248DE59700C18B4F /* Resources */,
			);
			buildRules = (
			);
			dependencies = (
			);
			name = DemoViewController;
			productName = DemoViewController;
			productReference = DB66F8B3248DE59700C18B4F /* DemoViewController.app */;
			productType = "com.apple.product-type.application";
		};
/* End PBXNativeTarget section */

/* Begin PBXProject section */
		DB66F8AB248DE59700C18B4F /* Project object */ = {
			isa = PBXProject;
			attributes = {
				LastUpgradeCheck = 1140;
				ORGANIZATIONNAME = banmalu.top;
				TargetAttributes = {
					DB66F8B2248DE59700C18B4F = {
						CreatedOnToolsVersion = 11.4.1;
					};
				};
			};
			buildConfigurationList = DB66F8AE248DE59700C18B4F /* Build configuration list for PBXProject "DemoViewController" */;
			compatibilityVersion = "Xcode 9.3";
			developmentRegion = en;
			hasScannedForEncodings = 0;
			knownRegions = (
				en,
				Base,
			);
			mainGroup = DB66F8AA248DE59700C18B4F;
			productRefGroup = DB66F8B4248DE59700C18B4F /* Products */;
			projectDirPath = "";
			projectRoot = "";
			targets = (
				DB66F8B2248DE59700C18B4F /* DemoViewController */,
			);
		};
/* End PBXProject section */

/* Begin PBXResourcesBuildPhase section */
		DB66F8B1248DE59700C18B4F /* Resources */ = {
			isa = PBXResourcesBuildPhase;
			buildActionMask = 2147483647;
			files = (
				DB66F8C6248DE59900C18B4F /* LaunchScreen.storyboard in Resources */,
				DB66F8C3248DE59900C18B4F /* Assets.xcassets in Resources */,
				DB66F8C1248DE59800C18B4F /* Main.storyboard in Resources */,
				DB66F8D3248DE5D500C18B4F /* DemoViewController.xib in Resources */,
				DB66F8D8248DE5E400C18B4F /* SubViewController.xib in Resources */,
			);
			runOnlyForDeploymentPostprocessing = 0;
		};
/* End PBXResourcesBuildPhase section */

/* Begin PBXSourcesBuildPhase section */
		DB66F8AF248DE59700C18B4F /* Sources */ = {
			isa = PBXSourcesBuildPhase;
			buildActionMask = 2147483647;
			files = (
				DB66F8D7248DE5E400C18B4F /* SubViewController.m in Sources */,
				DB66F8B8248DE59700C18B4F /* AppDelegate.m in Sources */,
				DB66F8C9248DE59900C18B4F /* main.m in Sources */,
				DB66F8DB248DE62A00C18B4F /* DemoViewController+Extension.m in Sources */,
				DB66F8BB248DE59700C18B4F /* SceneDelegate.m in Sources */,
				DB66F8D2248DE5D500C18B4F /* DemoViewController.m in Sources */,
			);
			runOnlyForDeploymentPostprocessing = 0;
		};
/* End PBXSourcesBuildPhase section */

/* Begin PBXVariantGroup section */
		DB66F8BF248DE59800C18B4F /* Main.storyboard */ = {
			isa = PBXVariantGroup;
			children = (
				DB66F8C0248DE59800C18B4F /* Base */,
			);
			name = Main.storyboard;
			sourceTree = "<group>";
		};
		DB66F8C4248DE59900C18B4F /* LaunchScreen.storyboard */ = {
			isa = PBXVariantGroup;
			children = (
				DB66F8C5248DE59900C18B4F /* Base */,
			);
			name = LaunchScreen.storyboard;
			sourceTree = "<group>";
		};
/* End PBXVariantGroup section */

/* Begin XCBuildConfiguration section */
		DB66F8CA248DE59900C18B4F /* Debug */ = {
			isa = XCBuildConfiguration;
			buildSettings = {
				ALWAYS_SEARCH_USER_PATHS = NO;
				CLANG_ANALYZER_NONNULL = YES;
				CLANG_ANALYZER_NUMBER_OBJECT_CONVERSION = YES_AGGRESSIVE;
				CLANG_CXX_LANGUAGE_STANDARD = "gnu++14";
				CLANG_CXX_LIBRARY = "libc++";
				CLANG_ENABLE_MODULES = YES;
				CLANG_ENABLE_OBJC_ARC = YES;
				CLANG_ENABLE_OBJC_WEAK = YES;
				CLANG_WARN_BLOCK_CAPTURE_AUTORELEASING = YES;
				CLANG_WARN_BOOL_CONVERSION = YES;
				CLANG_WARN_COMMA = YES;
				CLANG_WARN_CONSTANT_CONVERSION = YES;
				CLANG_WARN_DEPRECATED_OBJC_IMPLEMENTATIONS = YES;
				CLANG_WARN_DIRECT_OBJC_ISA_USAGE = YES_ERROR;
				CLANG_WARN_DOCUMENTATION_COMMENTS = YES;
				CLANG_WARN_EMPTY_BODY = YES;
				CLANG_WARN_ENUM_CONVERSION = YES;
				CLANG_WARN_INFINITE_RECURSION = YES;
				CLANG_WARN_INT_CONVERSION = YES;
				CLANG_WARN_NON_LITERAL_NULL_CONVERSION = YES;
				CLANG_WARN_OBJC_IMPLICIT_RETAIN_SELF = YES;
				CLANG_WARN_OBJC_LITERAL_CONVERSION = YES;
				CLANG_WARN_OBJC_ROOT_CLASS = YES_ERROR;
				CLANG_WARN_RANGE_LOOP_ANALYSIS = YES;
				CLANG_WARN_STRICT_PROTOTYPES = YES;
				CLANG_WARN_SUSPICIOUS_MOVE = YES;
				CLANG_WARN_UNGUARDED_AVAILABILITY = YES_AGGRESSIVE;
				CLANG_WARN_UNREACHABLE_CODE = YES;
				CLANG_WARN__DUPLICATE_METHOD_MATCH = YES;
				COPY_PHASE_STRIP = NO;
				DEBUG_INFORMATION_FORMAT = dwarf;
				ENABLE_STRICT_OBJC_MSGSEND = YES;
				ENABLE_TESTABILITY = YES;
				GCC_C_LANGUAGE_STANDARD = gnu11;
				GCC_DYNAMIC_NO_PIC = NO;
				GCC_NO_COMMON_BLOCKS = YES;
				GCC_OPTIMIZATION_LEVEL = 0;
				GCC_PREPROCESSOR_DEFINITIONS = (
					"DEBUG=1",
					"$(inherited)",
				);
				GCC_WARN_64_TO_32_BIT_CONVERSION = YES;
				GCC_WARN_ABOUT_RETURN_TYPE = YES_ERROR;
				GCC_WARN_UNDECLARED_SELECTOR = YES;
				GCC_WARN_UNINITIALIZED_AUTOS = YES_AGGRESSIVE;
				GCC_WARN_UNUSED_FUNCTION = YES;
				GCC_WARN_UNUSED_VARIABLE = YES;
				IPHONEOS_DEPLOYMENT_TARGET = 13.4;
				MTL_ENABLE_DEBUG_INFO = INCLUDE_SOURCE;
				MTL_FAST_MATH = YES;
				ONLY_ACTIVE_ARCH = YES;
				SDKROOT = iphoneos;
			};
			name = Debug;
		};
		DB66F8CB248DE59900C18B4F /* Release */ = {
			isa = XCBuildConfiguration;
			buildSettings = {
				ALWAYS_SEARCH_USER_PATHS = NO;
				CLANG_ANALYZER_NONNULL = YES;
				CLANG_ANALYZER_NUMBER_OBJECT_CONVERSION = YES_AGGRESSIVE;
				CLANG_CXX_LANGUAGE_STANDARD = "gnu++14";
				CLANG_CXX_LIBRARY = "libc++";
				CLANG_ENABLE_MODULES = YES;
				CLANG_ENABLE_OBJC_ARC = YES;
				CLANG_ENABLE_OBJC_WEAK = YES;
				CLANG_WARN_BLOCK_CAPTURE_AUTORELEASING = YES;
				CLANG_WARN_BOOL_CONVERSION = YES;
				CLANG_WARN_COMMA = YES;
				CLANG_WARN_CONSTANT_CONVERSION = YES;
				CLANG_WARN_DEPRECATED_OBJC_IMPLEMENTATIONS = YES;
				CLANG_WARN_DIRECT_OBJC_ISA_USAGE = YES_ERROR;
				CLANG_WARN_DOCUMENTATION_COMMENTS = YES;
				CLANG_WARN_EMPTY_BODY = YES;
				CLANG_WARN_ENUM_CONVERSION = YES;
				CLANG_WARN_INFINITE_RECURSION = YES;
				CLANG_WARN_INT_CONVERSION = YES;
				CLANG_WARN_NON_LITERAL_NULL_CONVERSION = YES;
				CLANG_WARN_OBJC_IMPLICIT_RETAIN_SELF = YES;
				CLANG_WARN_OBJC_LITERAL_CONVERSION = YES;
				CLANG_WARN_OBJC_ROOT_CLASS = YES_ERROR;
				CLANG_WARN_RANGE_LOOP_ANALYSIS = YES;
				CLANG_WARN_STRICT_PROTOTYPES = YES;
				CLANG_WARN_SUSPICIOUS_MOVE = YES;
				CLANG_WARN_UNGUARDED_AVAILABILITY = YES_AGGRESSIVE;
				CLANG_WARN_UNREACHABLE_CODE = YES;
				CLANG_WARN__DUPLICATE_METHOD_MATCH = YES;
				COPY_PHASE_STRIP = NO;
				DEBUG_INFORMATION_FORMAT = "dwarf-with-dsym";
				ENABLE_NS_ASSERTIONS = NO;
				ENABLE_STRICT_OBJC_MSGSEND = YES;
				GCC_C_LANGUAGE_STANDARD = gnu11;
				GCC_NO_COMMON_BLOCKS = YES;
				GCC_WARN_64_TO_32_BIT_CONVERSION = YES;
				GCC_WARN_ABOUT_RETURN_TYPE = YES_ERROR;
				GCC_WARN_UNDECLARED_SELECTOR = YES;
				GCC_WARN_UNINITIALIZED_AUTOS = YES_AGGRESSIVE;
				GCC_WARN_UNUSED_FUNCTION = YES;
				GCC_WARN_UNUSED_VARIABLE = YES;
				IPHONEOS_DEPLOYMENT_TARGET = 13.4;
				MTL_ENABLE_DEBUG_INFO = NO;
				MTL_FAST_MATH = YES;
				SDKROOT = iphoneos;
				VALIDATE_PRODUCT = YES;
			};
			name = Release;
		};
		DB66F8CD248DE59900C18B4F /* Debug */ = {
			isa = XCBuildConfiguration;
			buildSettings = {
				ASSETCATALOG_COMPILER_APPICON_NAME = AppIcon;
				CODE_SIGN_STYLE = Automatic;
				GCC_PREFIX_HEADER = "";
				INFOPLIST_FILE = DemoViewController/Info.plist;
				LD_RUNPATH_SEARCH_PATHS = (
					"$(inherited)",
					"@executable_path/Frameworks",
				);
				PRODUCT_BUNDLE_IDENTIFIER = banmalu.DemoViewController;
				PRODUCT_NAME = "$(TARGET_NAME)";
				TARGETED_DEVICE_FAMILY = "1,2";
			};
			name = Debug;
		};
		DB66F8CE248DE59900C18B4F /* Release */ = {
			isa = XCBuildConfiguration;
			buildSettings = {
				ASSETCATALOG_COMPILER_APPICON_NAME = AppIcon;
				CODE_SIGN_STYLE = Automatic;
				GCC_PREFIX_HEADER = "";
				INFOPLIST_FILE = DemoViewController/Info.plist;
				LD_RUNPATH_SEARCH_PATHS = (
					"$(inherited)",
					"@executable_path/Frameworks",
				);
				PRODUCT_BUNDLE_IDENTIFIER = banmalu.DemoViewController;
				PRODUCT_NAME = "$(TARGET_NAME)";
				TARGETED_DEVICE_FAMILY = "1,2";
			};
			name = Release;
		};
/* End XCBuildConfiguration section */

/* Begin XCConfigurationList section */
		DB66F8AE248DE59700C18B4F /* Build configuration list for PBXProject "DemoViewController" */ = {
			isa = XCConfigurationList;
			buildConfigurations = (
				DB66F8CA248DE59900C18B4F /* Debug */,
				DB66F8CB248DE59900C18B4F /* Release */,
			);
			defaultConfigurationIsVisible = 0;
			defaultConfigurationName = Release;
		};
		DB66F8CC248DE59900C18B4F /* Build configuration list for PBXNativeTarget "DemoViewController" */ = {
			isa = XCConfigurationList;
			buildConfigurations = (
				DB66F8CD248DE59900C18B4F /* Debug */,
				DB66F8CE248DE59900C18B4F /* Release */,
			);
			defaultConfigurationIsVisible = 0;
			defaultConfigurationName = Release;
		};
/* End XCConfigurationList section */
	};
	rootObject = DB66F8AB248DE59700C18B4F /* Project object */;
}
